
Microsoft Visual Studio Solution File, Format Version 11.00
# Visual Studio 2010
Project("{FAE04EC0-301F-11D3-BF4B-00C04F79EFBC}") = "Umbraco.Pugpig.Core", "src\Umbraco.Pugpig.Core\Umbraco.Pugpig.Core.csproj", "{BE0E65FC-3A00-474C-982A-CEABBB68BFC6}"
EndProject
Project("{2150E333-8FDC-42A3-9474-1A3956D46DE8}") = "Unit Tests", "Unit Tests", "{71F77D17-0E23-43F3-80EB-48BC8DACE618}"
EndProject
Project("{FAE04EC0-301F-11D3-BF4B-00C04F79EFBC}") = "Umbraco.Pugpig.Core.Tests", "src\Umbraco.Puppig.Core.Tests\Umbraco.Pugpig.Core.Tests.csproj", "{0219D94D-C154-46F4-BA7B-1CE9BFF7CEC3}"
EndProject
Project("{FAE04EC0-301F-11D3-BF4B-00C04F79EFBC}") = "Umbraco.Pugpig.Web", "src\Umbraco.Pugpig.Web\Umbraco.Pugpig.Web.csproj", "{83FE8A5A-1313-4E9F-9766-69F827EAEBD8}"
EndProject
Global
	GlobalSection(SolutionConfigurationPlatforms) = preSolution
		Debug|Any CPU = Debug|Any CPU
		Release|Any CPU = Release|Any CPU
	EndGlobalSection
	GlobalSection(ProjectConfigurationPlatforms) = postSolution
		{BE0E65FC-3A00-474C-982A-CEABBB68BFC6}.Debug|Any CPU.ActiveCfg = Debug|Any CPU
		{BE0E65FC-3A00-474C-982A-CEABBB68BFC6}.Debug|Any CPU.Build.0 = Debug|Any CPU
		{BE0E65FC-3A00-474C-982A-CEABBB68BFC6}.Release|Any CPU.ActiveCfg = Release|Any CPU
		{BE0E65FC-3A00-474C-982A-CEABBB68BFC6}.Release|Any CPU.Build.0 = Release|Any CPU
		{0219D94D-C154-46F4-BA7B-1CE9BFF7CEC3}.Debug|Any CPU.ActiveCfg = Debug|Any CPU
		{0219D94D-C154-46F4-BA7B-1CE9BFF7CEC3}.Debug|Any CPU.Build.0 = Debug|Any CPU
		{0219D94D-C154-46F4-BA7B-1CE9BFF7CEC3}.Release|Any CPU.ActiveCfg = Release|Any CPU
		{0219D94D-C154-46F4-BA7B-1CE9BFF7CEC3}.Release|Any CPU.Build.0 = Release|Any CPU
		{83FE8A5A-1313-4E9F-9766-69F827EAEBD8}.Debug|Any CPU.ActiveCfg = Debug|Any CPU
		{83FE8A5A-1313-4E9F-9766-69F827EAEBD8}.Debug|Any CPU.Build.0 = Debug|Any CPU
		{83FE8A5A-1313-4E9F-9766-69F827EAEBD8}.Release|Any CPU.ActiveCfg = Release|Any CPU
		{83FE8A5A-1313-4E9F-9766-69F827EAEBD8}.Release|Any CPU.Build.0 = Release|Any CPU
	EndGlobalSection
	GlobalSection(SolutionProperties) = preSolution
		HideSolutionNode = FALSE
	EndGlobalSection
	GlobalSection(NestedProjects) = preSolution
		{0219D94D-C154-46F4-BA7B-1CE9BFF7CEC3} = {71F77D17-0E23-43F3-80EB-48BC8DACE618}
	EndGlobalSection
EndGlobal
